// !$*UTF8*$!
{
	archiveVersion = 1;
	classes = {
	};
	objectVersion = 50;
	objects = {

/* Begin PBXBuildFile section */
		3C2DEA0A23F6AC6E005DDFDE /* AppDelegate.swift in Sources */ = {isa = PBXBuildFile; fileRef = 3C2DEA0923F6AC6E005DDFDE /* AppDelegate.swift */; };
		3C2DEA0C23F6AC6E005DDFDE /* SceneDelegate.swift in Sources */ = {isa = PBXBuildFile; fileRef = 3C2DEA0B23F6AC6E005DDFDE /* SceneDelegate.swift */; };
		3C2DEA0E23F6AC6E005DDFDE /* GridViewController.swift in Sources */ = {isa = PBXBuildFile; fileRef = 3C2DEA0D23F6AC6E005DDFDE /* GridViewController.swift */; };
		3C2DEA1123F6AC6E005DDFDE /* Main.storyboard in Resources */ = {isa = PBXBuildFile; fileRef = 3C2DEA0F23F6AC6E005DDFDE /* Main.storyboard */; };
		3C2DEA1323F6AC6E005DDFDE /* Assets.xcassets in Resources */ = {isa = PBXBuildFile; fileRef = 3C2DEA1223F6AC6E005DDFDE /* Assets.xcassets */; };
		3C2DEA1623F6AC6E005DDFDE /* LaunchScreen.storyboard in Resources */ = {isa = PBXBuildFile; fileRef = 3C2DEA1423F6AC6E005DDFDE /* LaunchScreen.storyboard */; };
		3C2DEA2123F6AC6F005DDFDE /* CollectionViewCompositionLayoutTests.swift in Sources */ = {isa = PBXBuildFile; fileRef = 3C2DEA2023F6AC6F005DDFDE /* CollectionViewCompositionLayoutTests.swift */; };
		3C2DEA2C23F6AC6F005DDFDE /* CollectionViewCompositionLayoutUITests.swift in Sources */ = {isa = PBXBuildFile; fileRef = 3C2DEA2B23F6AC6F005DDFDE /* CollectionViewCompositionLayoutUITests.swift */; };
		3C2DEA3A23F6AE44005DDFDE /* GridCell.swift in Sources */ = {isa = PBXBuildFile; fileRef = 3C2DEA3923F6AE44005DDFDE /* GridCell.swift */; };
/* End PBXBuildFile section */

/* Begin PBXContainerItemProxy section */
		3C2DEA1D23F6AC6F005DDFDE /* PBXContainerItemProxy */ = {
			isa = PBXContainerItemProxy;
			containerPortal = 3C2DE9FE23F6AC6E005DDFDE /* Project object */;
			proxyType = 1;
			remoteGlobalIDString = 3C2DEA0523F6AC6E005DDFDE;
			remoteInfo = CollectionViewCompositionLayout;
		};
		3C2DEA2823F6AC6F005DDFDE /* PBXContainerItemProxy */ = {
			isa = PBXContainerItemProxy;
			containerPortal = 3C2DE9FE23F6AC6E005DDFDE /* Project object */;
			proxyType = 1;
			remoteGlobalIDString = 3C2DEA0523F6AC6E005DDFDE;
			remoteInfo = CollectionViewCompositionLayout;
		};
/* End PBXContainerItemProxy section */

/* Begin PBXFileReference section */
		3C2DEA0623F6AC6E005DDFDE /* CollectionViewCompositionLayout.app */ = {isa = PBXFileReference; explicitFileType = wrapper.application; includeInIndex = 0; path = CollectionViewCompositionLayout.app; sourceTree = BUILT_PRODUCTS_DIR; };
		3C2DEA0923F6AC6E005DDFDE /* AppDelegate.swift */ = {isa = PBXFileReference; lastKnownFileType = sourcecode.swift; path = AppDelegate.swift; sourceTree = "<group>"; };
		3C2DEA0B23F6AC6E005DDFDE /* SceneDelegate.swift */ = {isa = PBXFileReference; lastKnownFileType = sourcecode.swift; path = SceneDelegate.swift; sourceTree = "<group>"; };
		3C2DEA0D23F6AC6E005DDFDE /* GridViewController.swift */ = {isa = PBXFileReference; lastKnownFileType = sourcecode.swift; path = GridViewController.swift; sourceTree = "<group>"; };
		3C2DEA1023F6AC6E005DDFDE /* Base */ = {isa = PBXFileReference; lastKnownFileType = file.storyboard; name = Base; path = Base.lproj/Main.storyboard; sourceTree = "<group>"; };
		3C2DEA1223F6AC6E005DDFDE /* Assets.xcassets */ = {isa = PBXFileReference; lastKnownFileType = folder.assetcatalog; path = Assets.xcassets; sourceTree = "<group>"; };
		3C2DEA1523F6AC6E005DDFDE /* Base */ = {isa = PBXFileReference; lastKnownFileType = file.storyboard; name = Base; path = Base.lproj/LaunchScreen.storyboard; sourceTree = "<group>"; };
		3C2DEA1723F6AC6E005DDFDE /* Info.plist */ = {isa = PBXFileReference; lastKnownFileType = text.plist.xml; path = Info.plist; sourceTree = "<group>"; };
		3C2DEA1C23F6AC6F005DDFDE /* CollectionViewCompositionLayoutTests.xctest */ = {isa = PBXFileReference; explicitFileType = wrapper.cfbundle; includeInIndex = 0; path = CollectionViewCompositionLayoutTests.xctest; sourceTree = BUILT_PRODUCTS_DIR; };
		3C2DEA2023F6AC6F005DDFDE /* CollectionViewCompositionLayoutTests.swift */ = {isa = PBXFileReference; lastKnownFileType = sourcecode.swift; path = CollectionViewCompositionLayoutTests.swift; sourceTree = "<group>"; };
		3C2DEA2223F6AC6F005DDFDE /* Info.plist */ = {isa = PBXFileReference; lastKnownFileType = text.plist.xml; path = Info.plist; sourceTree = "<group>"; };
		3C2DEA2723F6AC6F005DDFDE /* CollectionViewCompositionLayoutUITests.xctest */ = {isa = PBXFileReference; explicitFileType = wrapper.cfbundle; includeInIndex = 0; path = CollectionViewCompositionLayoutUITests.xctest; sourceTree = BUILT_PRODUCTS_DIR; };
		3C2DEA2B23F6AC6F005DDFDE /* CollectionViewCompositionLayoutUITests.swift */ = {isa = PBXFileReference; lastKnownFileType = sourcecode.swift; path = CollectionViewCompositionLayoutUITests.swift; sourceTree = "<group>"; };
		3C2DEA2D23F6AC6F005DDFDE /* Info.plist */ = {isa = PBXFileReference; lastKnownFileType = text.plist.xml; path = Info.plist; sourceTree = "<group>"; };
		3C2DEA3923F6AE44005DDFDE /* GridCell.swift */ = {isa = PBXFileReference; lastKnownFileType = sourcecode.swift; path = GridCell.swift; sourceTree = "<group>"; };
/* End PBXFileReference section */

/* Begin PBXFrameworksBuildPhase section */
		3C2DEA0323F6AC6E005DDFDE /* Frameworks */ = {
			isa = PBXFrameworksBuildPhase;
			buildActionMask = 2147483647;
			files = (
			);
			runOnlyForDeploymentPostprocessing = 0;
		};
		3C2DEA1923F6AC6F005DDFDE /* Frameworks */ = {
			isa = PBXFrameworksBuildPhase;
			buildActionMask = 2147483647;
			files = (
			);
			runOnlyForDeploymentPostprocessing = 0;
		};
		3C2DEA2423F6AC6F005DDFDE /* Frameworks */ = {
			isa = PBXFrameworksBuildPhase;
			buildActionMask = 2147483647;
			files = (
			);
			runOnlyForDeploymentPostprocessing = 0;
		};
/* End PBXFrameworksBuildPhase section */

/* Begin PBXGroup section */
		3C2DE9FD23F6AC6E005DDFDE = {
			isa = PBXGroup;
			children = (
				3C2DEA0823F6AC6E005DDFDE /* CollectionViewCompositionLayout */,
				3C2DEA1F23F6AC6F005DDFDE /* CollectionViewCompositionLayoutTests */,
				3C2DEA2A23F6AC6F005DDFDE /* CollectionViewCompositionLayoutUITests */,
				3C2DEA0723F6AC6E005DDFDE /* Products */,
			);
			sourceTree = "<group>";
		};
		3C2DEA0723F6AC6E005DDFDE /* Products */ = {
			isa = PBXGroup;
			children = (
				3C2DEA0623F6AC6E005DDFDE /* CollectionViewCompositionLayout.app */,
				3C2DEA1C23F6AC6F005DDFDE /* CollectionViewCompositionLayoutTests.xctest */,
				3C2DEA2723F6AC6F005DDFDE /* CollectionViewCompositionLayoutUITests.xctest */,
			);
			name = Products;
			sourceTree = "<group>";
		};
		3C2DEA0823F6AC6E005DDFDE /* CollectionViewCompositionLayout */ = {
			isa = PBXGroup;
			children = (
				3C2DEA0923F6AC6E005DDFDE /* AppDelegate.swift */,
				3C2DEA0B23F6AC6E005DDFDE /* SceneDelegate.swift */,
				3C2DEA0D23F6AC6E005DDFDE /* GridViewController.swift */,
				3C2DEA3923F6AE44005DDFDE /* GridCell.swift */,
				3C2DEA0F23F6AC6E005DDFDE /* Main.storyboard */,
				3C2DEA1223F6AC6E005DDFDE /* Assets.xcassets */,
				3C2DEA1423F6AC6E005DDFDE /* LaunchScreen.storyboard */,
				3C2DEA1723F6AC6E005DDFDE /* Info.plist */,
			);
			path = CollectionViewCompositionLayout;
			sourceTree = "<group>";
		};
		3C2DEA1F23F6AC6F005DDFDE /* CollectionViewCompositionLayoutTests */ = {
			isa = PBXGroup;
			children = (
				3C2DEA2023F6AC6F005DDFDE /* CollectionViewCompositionLayoutTests.swift */,
				3C2DEA2223F6AC6F005DDFDE /* Info.plist */,
			);
			path = CollectionViewCompositionLayoutTests;
			sourceTree = "<group>";
		};
		3C2DEA2A23F6AC6F005DDFDE /* CollectionViewCompositionLayoutUITests */ = {
			isa = PBXGroup;
			children = (
				3C2DEA2B23F6AC6F005DDFDE /* CollectionViewCompositionLayoutUITests.swift */,
				3C2DEA2D23F6AC6F005DDFDE /* Info.plist */,
			);
			path = CollectionViewCompositionLayoutUITests;
			sourceTree = "<group>";
		};
/* End PBXGroup section */

/* Begin PBXNativeTarget section */
		3C2DEA0523F6AC6E005DDFDE /* CollectionViewCompositionLayout */ = {
			isa = PBXNativeTarget;
			buildConfigurationList = 3C2DEA3023F6AC6F005DDFDE /* Build configuration list for PBXNativeTarget "CollectionViewCompositionLayout" */;
			buildPhases = (
				3C2DEA0223F6AC6E005DDFDE /* Sources */,
				3C2DEA0323F6AC6E005DDFDE /* Frameworks */,
				3C2DEA0423F6AC6E005DDFDE /* Resources */,
			);
			buildRules = (
			);
			dependencies = (
			);
			name = CollectionViewCompositionLayout;
			productName = CollectionViewCompositionLayout;
			productReference = 3C2DEA0623F6AC6E005DDFDE /* CollectionViewCompositionLayout.app */;
			productType = "com.apple.product-type.application";
		};
		3C2DEA1B23F6AC6F005DDFDE /* CollectionViewCompositionLayoutTests */ = {
			isa = PBXNativeTarget;
			buildConfigurationList = 3C2DEA3323F6AC6F005DDFDE /* Build configuration list for PBXNativeTarget "CollectionViewCompositionLayoutTests" */;
			buildPhases = (
				3C2DEA1823F6AC6F005DDFDE /* Sources */,
				3C2DEA1923F6AC6F005DDFDE /* Frameworks */,
				3C2DEA1A23F6AC6F005DDFDE /* Resources */,
			);
			buildRules = (
			);
			dependencies = (
				3C2DEA1E23F6AC6F005DDFDE /* PBXTargetDependency */,
			);
			name = CollectionViewCompositionLayoutTests;
			productName = CollectionViewCompositionLayoutTests;
			productReference = 3C2DEA1C23F6AC6F005DDFDE /* CollectionViewCompositionLayoutTests.xctest */;
			productType = "com.apple.product-type.bundle.unit-test";
		};
		3C2DEA2623F6AC6F005DDFDE /* CollectionViewCompositionLayoutUITests */ = {
			isa = PBXNativeTarget;
			buildConfigurationList = 3C2DEA3623F6AC6F005DDFDE /* Build configuration list for PBXNativeTarget "CollectionViewCompositionLayoutUITests" */;
			buildPhases = (
				3C2DEA2323F6AC6F005DDFDE /* Sources */,
				3C2DEA2423F6AC6F005DDFDE /* Frameworks */,
				3C2DEA2523F6AC6F005DDFDE /* Resources */,
			);
			buildRules = (
			);
			dependencies = (
				3C2DEA2923F6AC6F005DDFDE /* PBXTargetDependency */,
			);
			name = CollectionViewCompositionLayoutUITests;
			productName = CollectionViewCompositionLayoutUITests;
			productReference = 3C2DEA2723F6AC6F005DDFDE /* CollectionViewCompositionLayoutUITests.xctest */;
			productType = "com.apple.product-type.bundle.ui-testing";
		};
/* End PBXNativeTarget section */

/* Begin PBXProject section */
		3C2DE9FE23F6AC6E005DDFDE /* Project object */ = {
			isa = PBXProject;
			attributes = {
				LastSwiftUpdateCheck = 1130;
				LastUpgradeCheck = 1130;
				ORGANIZATIONNAME = "Suresh Shiga";
				TargetAttributes = {
					3C2DEA0523F6AC6E005DDFDE = {
						CreatedOnToolsVersion = 11.3.1;
					};
					3C2DEA1B23F6AC6F005DDFDE = {
						CreatedOnToolsVersion = 11.3.1;
						TestTargetID = 3C2DEA0523F6AC6E005DDFDE;
					};
					3C2DEA2623F6AC6F005DDFDE = {
						CreatedOnToolsVersion = 11.3.1;
						TestTargetID = 3C2DEA0523F6AC6E005DDFDE;
					};
				};
			};
			buildConfigurationList = 3C2DEA0123F6AC6E005DDFDE /* Build configuration list for PBXProject "CollectionViewCompositionLayout" */;
			compatibilityVersion = "Xcode 9.3";
			developmentRegion = en;
			hasScannedForEncodings = 0;
			knownRegions = (
				en,
				Base,
			);
			mainGroup = 3C2DE9FD23F6AC6E005DDFDE;
			productRefGroup = 3C2DEA0723F6AC6E005DDFDE /* Products */;
			projectDirPath = "";
			projectRoot = "";
			targets = (
				3C2DEA0523F6AC6E005DDFDE /* CollectionViewCompositionLayout */,
				3C2DEA1B23F6AC6F005DDFDE /* CollectionViewCompositionLayoutTests */,
				3C2DEA2623F6AC6F005DDFDE /* CollectionViewCompositionLayoutUITests */,
			);
		};
/* End PBXProject section */

/* Begin PBXResourcesBuildPhase section */
		3C2DEA0423F6AC6E005DDFDE /* Resources */ = {
			isa = PBXResourcesBuildPhase;
			buildActionMask = 2147483647;
			files = (
				3C2DEA1623F6AC6E005DDFDE /* LaunchScreen.storyboard in Resources */,
				3C2DEA1323F6AC6E005DDFDE /* Assets.xcassets in Resources */,
				3C2DEA1123F6AC6E005DDFDE /* Main.storyboard in Resources */,
			);
			runOnlyForDeploymentPostprocessing = 0;
		};
		3C2DEA1A23F6AC6F005DDFDE /* Resources */ = {
			isa = PBXResourcesBuildPhase;
			buildActionMask = 2147483647;
			files = (
			);
			runOnlyForDeploymentPostprocessing = 0;
		};
		3C2DEA2523F6AC6F005DDFDE /* Resources */ = {
			isa = PBXResourcesBuildPhase;
			buildActionMask = 2147483647;
			files = (
			);
			runOnlyForDeploymentPostprocessing = 0;
		};
/* End PBXResourcesBuildPhase section */

/* Begin PBXSourcesBuildPhase section */
		3C2DEA0223F6AC6E005DDFDE /* Sources */ = {
			isa = PBXSourcesBuildPhase;
			buildActionMask = 2147483647;
			files = (
				3C2DEA0E23F6AC6E005DDFDE /* GridViewController.swift in Sources */,
				3C2DEA0A23F6AC6E005DDFDE /* AppDelegate.swift in Sources */,
				3C2DEA0C23F6AC6E005DDFDE /* SceneDelegate.swift in Sources */,
				3C2DEA3A23F6AE44005DDFDE /* GridCell.swift in Sources */,
			);
			runOnlyForDeploymentPostprocessing = 0;
		};
		3C2DEA1823F6AC6F005DDFDE /* Sources */ = {
			isa = PBXSourcesBuildPhase;
			buildActionMask = 2147483647;
			files = (
				3C2DEA2123F6AC6F005DDFDE /* CollectionViewCompositionLayoutTests.swift in Sources */,
			);
			runOnlyForDeploymentPostprocessing = 0;
		};
		3C2DEA2323F6AC6F005DDFDE /* Sources */ = {
			isa = PBXSourcesBuildPhase;
			buildActionMask = 2147483647;
			files = (
				3C2DEA2C23F6AC6F005DDFDE /* CollectionViewCompositionLayoutUITests.swift in Sources */,
			);
			runOnlyForDeploymentPostprocessing = 0;
		};
/* End PBXSourcesBuildPhase section */

/* Begin PBXTargetDependency section */
		3C2DEA1E23F6AC6F005DDFDE /* PBXTargetDependency */ = {
			isa = PBXTargetDependency;
			target = 3C2DEA0523F6AC6E005DDFDE /* CollectionViewCompositionLayout */;
			targetProxy = 3C2DEA1D23F6AC6F005DDFDE /* PBXContainerItemProxy */;
		};
		3C2DEA2923F6AC6F005DDFDE /* PBXTargetDependency */ = {
			isa = PBXTargetDependency;
			target = 3C2DEA0523F6AC6E005DDFDE /* CollectionViewCompositionLayout */;
			targetProxy = 3C2DEA2823F6AC6F005DDFDE /* PBXContainerItemProxy */;
		};
/* End PBXTargetDependency section */

/* Begin PBXVariantGroup section */
		3C2DEA0F23F6AC6E005DDFDE /* Main.storyboard */ = {
			isa = PBXVariantGroup;
			children = (
				3C2DEA1023F6AC6E005DDFDE /* Base */,
			);
			name = Main.storyboard;
			sourceTree = "<group>";
		};
		3C2DEA1423F6AC6E005DDFDE /* LaunchScreen.storyboard */ = {
			isa = PBXVariantGroup;
			children = (
				3C2DEA1523F6AC6E005DDFDE /* Base */,
			);
			name = LaunchScreen.storyboard;
			sourceTree = "<group>";
		};
/* End PBXVariantGroup section */

/* Begin XCBuildConfiguration section */
		3C2DEA2E23F6AC6F005DDFDE /* Debug */ = {
			isa = XCBuildConfiguration;
			buildSettings = {
				ALWAYS_SEARCH_USER_PATHS = NO;
				CLANG_ANALYZER_NONNULL = YES;
				CLANG_ANALYZER_NUMBER_OBJECT_CONVERSION = YES_AGGRESSIVE;
				CLANG_CXX_LANGUAGE_STANDARD = "gnu++14";
				CLANG_CXX_LIBRARY = "libc++";
				CLANG_ENABLE_MODULES = YES;
				CLANG_ENABLE_OBJC_ARC = YES;
				CLANG_ENABLE_OBJC_WEAK = YES;
				CLANG_WARN_BLOCK_CAPTURE_AUTORELEASING = YES;
				CLANG_WARN_BOOL_CONVERSION = YES;
				CLANG_WARN_COMMA = YES;
				CLANG_WARN_CONSTANT_CONVERSION = YES;
				CLANG_WARN_DEPRECATED_OBJC_IMPLEMENTATIONS = YES;
				CLANG_WARN_DIRECT_OBJC_ISA_USAGE = YES_ERROR;
				CLANG_WARN_DOCUMENTATION_COMMENTS = YES;
				CLANG_WARN_EMPTY_BODY = YES;
				CLANG_WARN_ENUM_CONVERSION = YES;
				CLANG_WARN_INFINITE_RECURSION = YES;
				CLANG_WARN_INT_CONVERSION = YES;
				CLANG_WARN_NON_LITERAL_NULL_CONVERSION = YES;
				CLANG_WARN_OBJC_IMPLICIT_RETAIN_SELF = YES;
				CLANG_WARN_OBJC_LITERAL_CONVERSION = YES;
				CLANG_WARN_OBJC_ROOT_CLASS = YES_ERROR;
				CLANG_WARN_RANGE_LOOP_ANALYSIS = YES;
				CLANG_WARN_STRICT_PROTOTYPES = YES;
				CLANG_WARN_SUSPICIOUS_MOVE = YES;
				CLANG_WARN_UNGUARDED_AVAILABILITY = YES_AGGRESSIVE;
				CLANG_WARN_UNREACHABLE_CODE = YES;
				CLANG_WARN__DUPLICATE_METHOD_MATCH = YES;
				COPY_PHASE_STRIP = NO;
				DEBUG_INFORMATION_FORMAT = dwarf;
				ENABLE_STRICT_OBJC_MSGSEND = YES;
				ENABLE_TESTABILITY = YES;
				GCC_C_LANGUAGE_STANDARD = gnu11;
				GCC_DYNAMIC_NO_PIC = NO;
				GCC_NO_COMMON_BLOCKS = YES;
				GCC_OPTIMIZATION_LEVEL = 0;
				GCC_PREPROCESSOR_DEFINITIONS = (
					"DEBUG=1",
					"$(inherited)",
				);
				GCC_WARN_64_TO_32_BIT_CONVERSION = YES;
				GCC_WARN_ABOUT_RETURN_TYPE = YES_ERROR;
				GCC_WARN_UNDECLARED_SELECTOR = YES;
				GCC_WARN_UNINITIALIZED_AUTOS = YES_AGGRESSIVE;
				GCC_WARN_UNUSED_FUNCTION = YES;
				GCC_WARN_UNUSED_VARIABLE = YES;
				IPHONEOS_DEPLOYMENT_TARGET = 13.2;
				MTL_ENABLE_DEBUG_INFO = INCLUDE_SOURCE;
				MTL_FAST_MATH = YES;
				ONLY_ACTIVE_ARCH = YES;
				SDKROOT = iphoneos;
				SWIFT_ACTIVE_COMPILATION_CONDITIONS = DEBUG;
				SWIFT_OPTIMIZATION_LEVEL = "-Onone";
			};
			name = Debug;
		};
		3C2DEA2F23F6AC6F005DDFDE /* Release */ = {
			isa = XCBuildConfiguration;
			buildSettings = {
				ALWAYS_SEARCH_USER_PATHS = NO;
				CLANG_ANALYZER_NONNULL = YES;
				CLANG_ANALYZER_NUMBER_OBJECT_CONVERSION = YES_AGGRESSIVE;
				CLANG_CXX_LANGUAGE_STANDARD = "gnu++14";
				CLANG_CXX_LIBRARY = "libc++";
				CLANG_ENABLE_MODULES = YES;
				CLANG_ENABLE_OBJC_ARC = YES;
				CLANG_ENABLE_OBJC_WEAK = YES;
				CLANG_WARN_BLOCK_CAPTURE_AUTORELEASING = YES;
				CLANG_WARN_BOOL_CONVERSION = YES;
				CLANG_WARN_COMMA = YES;
				CLANG_WARN_CONSTANT_CONVERSION = YES;
				CLANG_WARN_DEPRECATED_OBJC_IMPLEMENTATIONS = YES;
				CLANG_WARN_DIRECT_OBJC_ISA_USAGE = YES_ERROR;
				CLANG_WARN_DOCUMENTATION_COMMENTS = YES;
				CLANG_WARN_EMPTY_BODY = YES;
				CLANG_WARN_ENUM_CONVERSION = YES;
				CLANG_WARN_INFINITE_RECURSION = YES;
				CLANG_WARN_INT_CONVERSION = YES;
				CLANG_WARN_NON_LITERAL_NULL_CONVERSION = YES;
				CLANG_WARN_OBJC_IMPLICIT_RETAIN_SELF = YES;
				CLANG_WARN_OBJC_LITERAL_CONVERSION = YES;
				CLANG_WARN_OBJC_ROOT_CLASS = YES_ERROR;
				CLANG_WARN_RANGE_LOOP_ANALYSIS = YES;
				CLANG_WARN_STRICT_PROTOTYPES = YES;
				CLANG_WARN_SUSPICIOUS_MOVE = YES;
				CLANG_WARN_UNGUARDED_AVAILABILITY = YES_AGGRESSIVE;
				CLANG_WARN_UNREACHABLE_CODE = YES;
				CLANG_WARN__DUPLICATE_METHOD_MATCH = YES;
				COPY_PHASE_STRIP = NO;
				DEBUG_INFORMATION_FORMAT = "dwarf-with-dsym";
				ENABLE_NS_ASSERTIONS = NO;
				ENABLE_STRICT_OBJC_MSGSEND = YES;
				GCC_C_LANGUAGE_STANDARD = gnu11;
				GCC_NO_COMMON_BLOCKS = YES;
				GCC_WARN_64_TO_32_BIT_CONVERSION = YES;
				GCC_WARN_ABOUT_RETURN_TYPE = YES_ERROR;
				GCC_WARN_UNDECLARED_SELECTOR = YES;
				GCC_WARN_UNINITIALIZED_AUTOS = YES_AGGRESSIVE;
				GCC_WARN_UNUSED_FUNCTION = YES;
				GCC_WARN_UNUSED_VARIABLE = YES;
				IPHONEOS_DEPLOYMENT_TARGET = 13.2;
				MTL_ENABLE_DEBUG_INFO = NO;
				MTL_FAST_MATH = YES;
				SDKROOT = iphoneos;
				SWIFT_COMPILATION_MODE = wholemodule;
				SWIFT_OPTIMIZATION_LEVEL = "-O";
				VALIDATE_PRODUCT = YES;
			};
			name = Release;
		};
		3C2DEA3123F6AC6F005DDFDE /* Debug */ = {
			isa = XCBuildConfiguration;
			buildSettings = {
				ASSETCATALOG_COMPILER_APPICON_NAME = AppIcon;
				CODE_SIGN_STYLE = Automatic;
				INFOPLIST_FILE = CollectionViewCompositionLayout/Info.plist;
				LD_RUNPATH_SEARCH_PATHS = (
					"$(inherited)",
					"@executable_path/Frameworks",
				);
				PRODUCT_BUNDLE_IDENTIFIER = com.CollectionViewCompositionLayout;
				PRODUCT_NAME = "$(TARGET_NAME)";
				SWIFT_VERSION = 5.0;
				TARGETED_DEVICE_FAMILY = "1,2";
			};
			name = Debug;
		};
		3C2DEA3223F6AC6F005DDFDE /* Release */ = {
			isa = XCBuildConfiguration;
			buildSettings = {
				ASSETCATALOG_COMPILER_APPICON_NAME = AppIcon;
				CODE_SIGN_STYLE = Automatic;
				INFOPLIST_FILE = CollectionViewCompositionLayout/Info.plist;
				LD_RUNPATH_SEARCH_PATHS = (
					"$(inherited)",
					"@executable_path/Frameworks",
				);
				PRODUCT_BUNDLE_IDENTIFIER = com.CollectionViewCompositionLayout;
				PRODUCT_NAME = "$(TARGET_NAME)";
				SWIFT_VERSION = 5.0;
				TARGETED_DEVICE_FAMILY = "1,2";
			};
			name = Release;
		};
		3C2DEA3423F6AC6F005DDFDE /* Debug */ = {
			isa = XCBuildConfiguration;
			buildSettings = {
				ALWAYS_EMBED_SWIFT_STANDARD_LIBRARIES = YES;
				BUNDLE_LOADER = "$(TEST_HOST)";
				CODE_SIGN_STYLE = Automatic;
				INFOPLIST_FILE = CollectionViewCompositionLayoutTests/Info.plist;
				IPHONEOS_DEPLOYMENT_TARGET = 13.2;
				LD_RUNPATH_SEARCH_PATHS = (
					"$(inherited)",
					"@executable_path/Frameworks",
					"@loader_path/Frameworks",
				);
				PRODUCT_BUNDLE_IDENTIFIER = com.CollectionViewCompositionLayoutTests;
				PRODUCT_NAME = "$(TARGET_NAME)";
				SWIFT_VERSION = 5.0;
				TARGETED_DEVICE_FAMILY = "1,2";
				TEST_HOST = "$(BUILT_PRODUCTS_DIR)/CollectionViewCompositionLayout.app/CollectionViewCompositionLayout";
			};
			name = Debug;
		};
		3C2DEA3523F6AC6F005DDFDE /* Release */ = {
			isa = XCBuildConfiguration;
			buildSettings = {
				ALWAYS_EMBED_SWIFT_STANDARD_LIBRARIES = YES;
				BUNDLE_LOADER = "$(TEST_HOST)";
				CODE_SIGN_STYLE = Automatic;
				INFOPLIST_FILE = CollectionViewCompositionLayoutTests/Info.plist;
				IPHONEOS_DEPLOYMENT_TARGET = 13.2;
				LD_RUNPATH_SEARCH_PATHS = (
					"$(inherited)",
					"@executable_path/Frameworks",
					"@loader_path/Frameworks",
				);
				PRODUCT_BUNDLE_IDENTIFIER = com.CollectionViewCompositionLayoutTests;
				PRODUCT_NAME = "$(TARGET_NAME)";
				SWIFT_VERSION = 5.0;
				TARGETED_DEVICE_FAMILY = "1,2";
				TEST_HOST = "$(BUILT_PRODUCTS_DIR)/CollectionViewCompositionLayout.app/CollectionViewCompositionLayout";
			};
			name = Release;
		};
		3C2DEA3723F6AC6F005DDFDE /* Debug */ = {
			isa = XCBuildConfiguration;
			buildSettings = {
				ALWAYS_EMBED_SWIFT_STANDARD_LIBRARIES = YES;
				CODE_SIGN_STYLE = Automatic;
				INFOPLIST_FILE = CollectionViewCompositionLayoutUITests/Info.plist;
				LD_RUNPATH_SEARCH_PATHS = (
					"$(inherited)",
					"@executable_path/Frameworks",
					"@loader_path/Frameworks",
				);
				PRODUCT_BUNDLE_IDENTIFIER = com.CollectionViewCompositionLayoutUITests;
				PRODUCT_NAME = "$(TARGET_NAME)";
				SWIFT_VERSION = 5.0;
				TARGETED_DEVICE_FAMILY = "1,2";
				TEST_TARGET_NAME = CollectionViewCompositionLayout;
			};
			name = Debug;
		};
		3C2DEA3823F6AC6F005DDFDE /* Release */ = {
			isa = XCBuildConfiguration;
			buildSettings = {
				ALWAYS_EMBED_SWIFT_STANDARD_LIBRARIES = YES;
				CODE_SIGN_STYLE = Automatic;
				INFOPLIST_FILE = CollectionViewCompositionLayoutUITests/Info.plist;
				LD_RUNPATH_SEARCH_PATHS = (
					"$(inherited)",
					"@executable_path/Frameworks",
					"@loader_path/Frameworks",
				);
				PRODUCT_BUNDLE_IDENTIFIER = com.CollectionViewCompositionLayoutUITests;
				PRODUCT_NAME = "$(TARGET_NAME)";
				SWIFT_VERSION = 5.0;
				TARGETED_DEVICE_FAMILY = "1,2";
				TEST_TARGET_NAME = CollectionViewCompositionLayout;
			};
			name = Release;
		};
/* End XCBuildConfiguration section */

/* Begin XCConfigurationList section */
		3C2DEA0123F6AC6E005DDFDE /* Build configuration list for PBXProject "CollectionViewCompositionLayout" */ = {
			isa = XCConfigurationList;
			buildConfigurations = (
				3C2DEA2E23F6AC6F005DDFDE /* Debug */,
				3C2DEA2F23F6AC6F005DDFDE /* Release */,
			);
			defaultConfigurationIsVisible = 0;
			defaultConfigurationName = Release;
		};
		3C2DEA3023F6AC6F005DDFDE /* Build configuration list for PBXNativeTarget "CollectionViewCompositionLayout" */ = {
			isa = XCConfigurationList;
			buildConfigurations = (
				3C2DEA3123F6AC6F005DDFDE /* Debug */,
				3C2DEA3223F6AC6F005DDFDE /* Release */,
			);
			defaultConfigurationIsVisible = 0;
			defaultConfigurationName = Release;
		};
		3C2DEA3323F6AC6F005DDFDE /* Build configuration list for PBXNativeTarget "CollectionViewCompositionLayoutTests" */ = {
			isa = XCConfigurationList;
			buildConfigurations = (
				3C2DEA3423F6AC6F005DDFDE /* Debug */,
				3C2DEA3523F6AC6F005DDFDE /* Release */,
			);
			defaultConfigurationIsVisible = 0;
			defaultConfigurationName = Release;
		};
		3C2DEA3623F6AC6F005DDFDE /* Build configuration list for PBXNativeTarget "CollectionViewCompositionLayoutUITests" */ = {
			isa = XCConfigurationList;
			buildConfigurations = (
				3C2DEA3723F6AC6F005DDFDE /* Debug */,
				3C2DEA3823F6AC6F005DDFDE /* Release */,
			);
			defaultConfigurationIsVisible = 0;
			defaultConfigurationName = Release;
		};
/* End XCConfigurationList section */
	};
	rootObject = 3C2DE9FE23F6AC6E005DDFDE /* Project object */;
}
